{
  "nodes": {
    "finix": {
      "locked": {
        "lastModified": 1786207804,
        "narHash": "sha256-atiEdr1Kxu/l90WbOU/Jh1Ov22UqBMShZ3EzWNKIyJ4=",
        "owner": "finix-community",
        "repo": "finix",
        "rev": "ca52b0d781d345d848b3b2b32ffa3460ae959991",
        "type": "github"
      },
      "original": {
        "owner": "finix-community",
        "repo": "finix",
        "type": "github"
      }
    },
    "nixpkgs": {
      "locked": {
        "lastModified": 1786106723,
        "narHash": "sha256-zDSUbpoeo/9ZmD2+wXnzxoo1+uhL8vxc0b8yuYMKYq0=",
        "owner": "nixos",
        "repo": "nixpkgs",
        "rev": "f13ff45afd1bb73e640eaa08a7066dbed07e3238",
        "type": "github"
      },
      "original": {
        "owner": "nixos",
        "ref": "nixos-unstable",
        "repo": "nixpkgs",
        "type": "github"
      }
    },
    "root": {
      "inputs": {
        "finix": "finix",
        "nixpkgs": "nixpkgs"
      }
    }
  },
  "root": "root",
  "version": 7
}
